
Microsoft Visual Studio Solution File, Format Version 12.00
# Visual Studio 2012
Project("{FAE04EC0-301F-11D3-BF4B-00C04F79EFBC}") = "ITI.Teaching.Interface.Tests", "ITI.Teaching.Interface.Tests\ITI.Teaching.Interface.Tests.csproj", "{6C64CB9A-023C-4B5E-842C-99BFDCCABA6B}"
EndProject
Project("{FAE04EC0-301F-11D3-BF4B-00C04F79EFBC}") = "ITI.Teaching.Interface.Domain", "ITI.Teaching.Interface.Domain\ITI.Teaching.Interface.Domain.csproj", "{0B7CFB6F-BEE7-4A75-B7DE-E69A2ABC3DA5}"
EndProject
Global
	GlobalSection(SolutionConfigurationPlatforms) = preSolution
		Debug|Any CPU = Debug|Any CPU
		Release|Any CPU = Release|Any CPU
	EndGlobalSection
	GlobalSection(ProjectConfigurationPlatforms) = postSolution
		{6C64CB9A-023C-4B5E-842C-99BFDCCABA6B}.Debug|Any CPU.ActiveCfg = Debug|Any CPU
		{6C64CB9A-023C-4B5E-842C-99BFDCCABA6B}.Debug|Any CPU.Build.0 = Debug|Any CPU
		{6C64CB9A-023C-4B5E-842C-99BFDCCABA6B}.Release|Any CPU.ActiveCfg = Release|Any CPU
		{6C64CB9A-023C-4B5E-842C-99BFDCCABA6B}.Release|Any CPU.Build.0 = Release|Any CPU
		{0B7CFB6F-BEE7-4A75-B7DE-E69A2ABC3DA5}.Debug|Any CPU.ActiveCfg = Debug|Any CPU
		{0B7CFB6F-BEE7-4A75-B7DE-E69A2ABC3DA5}.Debug|Any CPU.Build.0 = Debug|Any CPU
		{0B7CFB6F-BEE7-4A75-B7DE-E69A2ABC3DA5}.Release|Any CPU.ActiveCfg = Release|Any CPU
		{0B7CFB6F-BEE7-4A75-B7DE-E69A2ABC3DA5}.Release|Any CPU.Build.0 = Release|Any CPU
	EndGlobalSection
	GlobalSection(SolutionProperties) = preSolution
		HideSolutionNode = FALSE
	EndGlobalSection
EndGlobal
